
Microsoft Visual Studio Solution File, Format Version 12.00
Project("{FAE04EC0-301F-11D3-BF4B-00C04F79EFBC}") = "CobaltServerPlugin", "CobaltServerPlugin\CobaltServerPlugin.csproj", "{D38B3475-7B61-4282-AD2A-1258E06ED5A9}"
EndProject
Project("{FAE04EC0-301F-11D3-BF4B-00C04F79EFBC}") = "CobaltCore", "CobaltCore\CobaltCore.csproj", "{EA0A0332-11E8-46C1-BCC8-9346E8FF5FE4}"
EndProject
Project("{FAE04EC0-301F-11D3-BF4B-00C04F79EFBC}") = "Banking", "Banking\Banking.csproj", "{B6447555-6175-4E75-8D4C-91279F6BAEAF}"
EndProject
Global
	GlobalSection(SolutionConfigurationPlatforms) = preSolution
		Debug|Any CPU = Debug|Any CPU
		Release|Any CPU = Release|Any CPU
	EndGlobalSection
	GlobalSection(ProjectConfigurationPlatforms) = postSolution
		{D38B3475-7B61-4282-AD2A-1258E06ED5A9}.Debug|Any CPU.ActiveCfg = Debug|Any CPU
		{D38B3475-7B61-4282-AD2A-1258E06ED5A9}.Debug|Any CPU.Build.0 = Debug|Any CPU
		{D38B3475-7B61-4282-AD2A-1258E06ED5A9}.Release|Any CPU.ActiveCfg = Release|Any CPU
		{D38B3475-7B61-4282-AD2A-1258E06ED5A9}.Release|Any CPU.Build.0 = Release|Any CPU
		{EA0A0332-11E8-46C1-BCC8-9346E8FF5FE4}.Debug|Any CPU.ActiveCfg = Debug|Any CPU
		{EA0A0332-11E8-46C1-BCC8-9346E8FF5FE4}.Debug|Any CPU.Build.0 = Debug|Any CPU
		{EA0A0332-11E8-46C1-BCC8-9346E8FF5FE4}.Release|Any CPU.ActiveCfg = Release|Any CPU
		{EA0A0332-11E8-46C1-BCC8-9346E8FF5FE4}.Release|Any CPU.Build.0 = Release|Any CPU
		{B6447555-6175-4E75-8D4C-91279F6BAEAF}.Debug|Any CPU.ActiveCfg = Debug|Any CPU
		{B6447555-6175-4E75-8D4C-91279F6BAEAF}.Debug|Any CPU.Build.0 = Debug|Any CPU
		{B6447555-6175-4E75-8D4C-91279F6BAEAF}.Release|Any CPU.ActiveCfg = Release|Any CPU
		{B6447555-6175-4E75-8D4C-91279F6BAEAF}.Release|Any CPU.Build.0 = Release|Any CPU
	EndGlobalSection
EndGlobal
