
Microsoft Visual Studio Solution File, Format Version 12.00
Project("{FAE04EC0-301F-11D3-BF4B-00C04F79EFBC}") = "CobaltTShock", "CobaltTShock\CobaltTShock.csproj", "{EBCE8768-BA24-49F5-9A10-C29F56CB1D6C}"
EndProject
Project("{FAE04EC0-301F-11D3-BF4B-00C04F79EFBC}") = "Cobalt", "Cobalt\Cobalt.csproj", "{8DD348DE-717B-4CEB-8CB7-EA88B87711F5}"
EndProject
Global
	GlobalSection(SolutionConfigurationPlatforms) = preSolution
		Debug|Any CPU = Debug|Any CPU
		Release|Any CPU = Release|Any CPU
	EndGlobalSection
	GlobalSection(ProjectConfigurationPlatforms) = postSolution
		{EBCE8768-BA24-49F5-9A10-C29F56CB1D6C}.Debug|Any CPU.ActiveCfg = Debug|Any CPU
		{EBCE8768-BA24-49F5-9A10-C29F56CB1D6C}.Debug|Any CPU.Build.0 = Debug|Any CPU
		{EBCE8768-BA24-49F5-9A10-C29F56CB1D6C}.Release|Any CPU.ActiveCfg = Release|Any CPU
		{EBCE8768-BA24-49F5-9A10-C29F56CB1D6C}.Release|Any CPU.Build.0 = Release|Any CPU
		{8DD348DE-717B-4CEB-8CB7-EA88B87711F5}.Debug|Any CPU.ActiveCfg = Debug|Any CPU
		{8DD348DE-717B-4CEB-8CB7-EA88B87711F5}.Debug|Any CPU.Build.0 = Debug|Any CPU
		{8DD348DE-717B-4CEB-8CB7-EA88B87711F5}.Release|Any CPU.ActiveCfg = Release|Any CPU
		{8DD348DE-717B-4CEB-8CB7-EA88B87711F5}.Release|Any CPU.Build.0 = Release|Any CPU
	EndGlobalSection
EndGlobal
